
Microsoft Visual Studio Solution File, Format Version 12.00
# Visual Studio Version 17
VisualStudioVersion = 17.6.33829.357
MinimumVisualStudioVersion = 10.0.40219.1
Project("{FAE04EC0-301F-11D3-BF4B-00C04F79EFBC}") = "abv", "abv\abv.csproj", "{1616B232-C416-4143-9C4D-8235C5FB3AFF}"
EndProject
Global
	GlobalSection(SolutionConfigurationPlatforms) = preSolution
		Debug|Any CPU = Debug|Any CPU
		Release|Any CPU = Release|Any CPU
	EndGlobalSection
	GlobalSection(ProjectConfigurationPlatforms) = postSolution
		{1616B232-C416-4143-9C4D-8235C5FB3AFF}.Debug|Any CPU.ActiveCfg = Debug|Any CPU
		{1616B232-C416-4143-9C4D-8235C5FB3AFF}.Debug|Any CPU.Build.0 = Debug|Any CPU
		{1616B232-C416-4143-9C4D-8235C5FB3AFF}.Release|Any CPU.ActiveCfg = Release|Any CPU
		{1616B232-C416-4143-9C4D-8235C5FB3AFF}.Release|Any CPU.Build.0 = Release|Any CPU
	EndGlobalSection
	GlobalSection(SolutionProperties) = preSolution
		HideSolutionNode = FALSE
	EndGlobalSection
	GlobalSection(ExtensibilityGlobals) = postSolution
		SolutionGuid = {E1EF2F2D-EAD6-461C-A3B4-7FBEC8917CA7}
	EndGlobalSection
EndGlobal
